uuid: ae10bd66-45d2-41a6-abde-322570037294
langcode: en
status: true
dependencies:
  module:
    - performance_lab
  theme:
    - olivero
id: olivero_lazyuserblock
theme: olivero
region: sidebar
weight: -7
provider: null
plugin: lazy_user_block
settings:
  id: lazy_user_block
  label: 'Lazy User Block'
  label_display: visible
  provider: performance_lab
visibility: {  }
